Microsoft Visual Studio Solution File, Format Version 12.00
# Visual Studio Version 17
VisualStudioVersion = 17.1.32421.90
MinimumVisualStudioVersion = 10.0.40219.1
Project("{9A19103F-16F7-4668-BE54-9A1E7A4F7556}") = "Shouldst", "src\Shouldst\Shouldst.csproj", "{647AF71A-0C1A-4C65-B608-1726AD78D0DB}"
EndProject
Project("{9A19103F-16F7-4668-BE54-9A1E7A4F7556}") = "Shouldst.Tests", "src\Shouldst.Tests\Shouldst.Tests.csproj", "{7D7562E4-7279-43A3-883F-AA92BD068EA3}"
EndProject
Global
	GlobalSection(SolutionConfigurationPlatforms) = preSolution
		Debug|Any CPU = Debug|Any CPU
		Release|Any CPU = Release|Any CPU
	EndGlobalSection
	GlobalSection(ProjectConfigurationPlatforms) = postSolution
		{647AF71A-0C1A-4C65-B608-1726AD78D0DB}.Debug|Any CPU.ActiveCfg = Debug|Any CPU
		{647AF71A-0C1A-4C65-B608-1726AD78D0DB}.Debug|Any CPU.Build.0 = Debug|Any CPU
		{647AF71A-0C1A-4C65-B608-1726AD78D0DB}.Release|Any CPU.ActiveCfg = Release|Any CPU
		{647AF71A-0C1A-4C65-B608-1726AD78D0DB}.Release|Any CPU.Build.0 = Release|Any CPU
		{7D7562E4-7279-43A3-883F-AA92BD068EA3}.Debug|Any CPU.ActiveCfg = Debug|Any CPU
		{7D7562E4-7279-43A3-883F-AA92BD068EA3}.Debug|Any CPU.Build.0 = Debug|Any CPU
		{7D7562E4-7279-43A3-883F-AA92BD068EA3}.Release|Any CPU.ActiveCfg = Release|Any CPU
		{7D7562E4-7279-43A3-883F-AA92BD068EA3}.Release|Any CPU.Build.0 = Release|Any CPU
	EndGlobalSection
	GlobalSection(SolutionProperties) = preSolution
		HideSolutionNode = FALSE
	EndGlobalSection
	GlobalSection(ExtensibilityGlobals) = postSolution
		SolutionGuid = {27C0668D-F707-4979-94C6-07BDA0167480}
	EndGlobalSection
EndGlobal
